
Microsoft Visual Studio Solution File, Format Version 12.00
# Visual Studio Version 16
VisualStudioVersion = 16.0.30621.155
MinimumVisualStudioVersion = 10.0.40219.1
Project("{FAE04EC0-301F-11D3-BF4B-00C04F79EFBC}") = "proiect paw1", "proiect paw1\proiect paw1.csproj", "{6CF48676-44C3-45FE-B033-9E7CD11C2378}"
EndProject
Project("{FAE04EC0-301F-11D3-BF4B-00C04F79EFBC}") = "BibliotecaHistograma", "BibliotecaHistograma\BibliotecaHistograma.csproj", "{5D5DC2E0-1240-4BCA-9D4E-FD43145DEE23}"
EndProject
Global
	GlobalSection(SolutionConfigurationPlatforms) = preSolution
		Debug|Any CPU = Debug|Any CPU
		Release|Any CPU = Release|Any CPU
	EndGlobalSection
	GlobalSection(ProjectConfigurationPlatforms) = postSolution
		{6CF48676-44C3-45FE-B033-9E7CD11C2378}.Debug|Any CPU.ActiveCfg = Debug|Any CPU
		{6CF48676-44C3-45FE-B033-9E7CD11C2378}.Debug|Any CPU.Build.0 = Debug|Any CPU
		{6CF48676-44C3-45FE-B033-9E7CD11C2378}.Release|Any CPU.ActiveCfg = Release|Any CPU
		{6CF48676-44C3-45FE-B033-9E7CD11C2378}.Release|Any CPU.Build.0 = Release|Any CPU
		{5D5DC2E0-1240-4BCA-9D4E-FD43145DEE23}.Debug|Any CPU.ActiveCfg = Debug|Any CPU
		{5D5DC2E0-1240-4BCA-9D4E-FD43145DEE23}.Debug|Any CPU.Build.0 = Debug|Any CPU
		{5D5DC2E0-1240-4BCA-9D4E-FD43145DEE23}.Release|Any CPU.ActiveCfg = Release|Any CPU
		{5D5DC2E0-1240-4BCA-9D4E-FD43145DEE23}.Release|Any CPU.Build.0 = Release|Any CPU
	EndGlobalSection
	GlobalSection(SolutionProperties) = preSolution
		HideSolutionNode = FALSE
	EndGlobalSection
	GlobalSection(ExtensibilityGlobals) = postSolution
		SolutionGuid = {B2396D11-075E-4932-849D-2433A31D9F15}
	EndGlobalSection
EndGlobal
